
Microsoft Visual Studio Solution File, Format Version 12.00
# Visual Studio 2012
Project("{FAE04EC0-301F-11D3-BF4B-00C04F79EFBC}") = "MedicalCenter.GUI", "MedicalCenter.GUI\MedicalCenter.GUI.csproj", "{B214AA47-894F-43C2-8B66-727434CB7F7B}"
	ProjectSection(ProjectDependencies) = postProject
		{A467FD60-A745-4845-A28E-0B0C86E6A345} = {A467FD60-A745-4845-A28E-0B0C86E6A345}
		{EFCE7A9B-DEE6-479B-B707-73A0250D6A09} = {EFCE7A9B-DEE6-479B-B707-73A0250D6A09}
		{84C0C8AB-0797-4319-8B14-F386085F0D8C} = {84C0C8AB-0797-4319-8B14-F386085F0D8C}
		{E88B82C0-AB1B-40B9-B85C-CED7708ED624} = {E88B82C0-AB1B-40B9-B85C-CED7708ED624}
	EndProjectSection
EndProject
Project("{FAE04EC0-301F-11D3-BF4B-00C04F79EFBC}") = "MedicalCenter.Data", "MedicalCenter.Data\MedicalCenter.Data.csproj", "{EFCE7A9B-DEE6-479B-B707-73A0250D6A09}"
EndProject
Project("{FAE04EC0-301F-11D3-BF4B-00C04F79EFBC}") = "MedicalCenter.DBServices", "MedicalCenter.DBServices\MedicalCenter.DBServices.csproj", "{84C0C8AB-0797-4319-8B14-F386085F0D8C}"
	ProjectSection(ProjectDependencies) = postProject
		{A467FD60-A745-4845-A28E-0B0C86E6A345} = {A467FD60-A745-4845-A28E-0B0C86E6A345}
		{EFCE7A9B-DEE6-479B-B707-73A0250D6A09} = {EFCE7A9B-DEE6-479B-B707-73A0250D6A09}
	EndProjectSection
EndProject
Project("{FAE04EC0-301F-11D3-BF4B-00C04F79EFBC}") = "MedicalCenter.Services", "MedicalCenter.Services\MedicalCenter.Services.csproj", "{E88B82C0-AB1B-40B9-B85C-CED7708ED624}"
	ProjectSection(ProjectDependencies) = postProject
		{A467FD60-A745-4845-A28E-0B0C86E6A345} = {A467FD60-A745-4845-A28E-0B0C86E6A345}
		{EFCE7A9B-DEE6-479B-B707-73A0250D6A09} = {EFCE7A9B-DEE6-479B-B707-73A0250D6A09}
		{84C0C8AB-0797-4319-8B14-F386085F0D8C} = {84C0C8AB-0797-4319-8B14-F386085F0D8C}
	EndProjectSection
EndProject
Project("{FAE04EC0-301F-11D3-BF4B-00C04F79EFBC}") = "MedicalCenter.Models", "MedicalCenter.Models\MedicalCenter.Models.csproj", "{A467FD60-A745-4845-A28E-0B0C86E6A345}"
	ProjectSection(ProjectDependencies) = postProject
		{EFCE7A9B-DEE6-479B-B707-73A0250D6A09} = {EFCE7A9B-DEE6-479B-B707-73A0250D6A09}
	EndProjectSection
EndProject
Global
	GlobalSection(SolutionConfigurationPlatforms) = preSolution
		Debug|Any CPU = Debug|Any CPU
		Release|Any CPU = Release|Any CPU
	EndGlobalSection
	GlobalSection(ProjectConfigurationPlatforms) = postSolution
		{B214AA47-894F-43C2-8B66-727434CB7F7B}.Debug|Any CPU.ActiveCfg = Debug|Any CPU
		{B214AA47-894F-43C2-8B66-727434CB7F7B}.Debug|Any CPU.Build.0 = Debug|Any CPU
		{B214AA47-894F-43C2-8B66-727434CB7F7B}.Release|Any CPU.ActiveCfg = Release|Any CPU
		{B214AA47-894F-43C2-8B66-727434CB7F7B}.Release|Any CPU.Build.0 = Release|Any CPU
		{EFCE7A9B-DEE6-479B-B707-73A0250D6A09}.Debug|Any CPU.ActiveCfg = Debug|Any CPU
		{EFCE7A9B-DEE6-479B-B707-73A0250D6A09}.Debug|Any CPU.Build.0 = Debug|Any CPU
		{EFCE7A9B-DEE6-479B-B707-73A0250D6A09}.Release|Any CPU.ActiveCfg = Release|Any CPU
		{EFCE7A9B-DEE6-479B-B707-73A0250D6A09}.Release|Any CPU.Build.0 = Release|Any CPU
		{84C0C8AB-0797-4319-8B14-F386085F0D8C}.Debug|Any CPU.ActiveCfg = Debug|Any CPU
		{84C0C8AB-0797-4319-8B14-F386085F0D8C}.Debug|Any CPU.Build.0 = Debug|Any CPU
		{84C0C8AB-0797-4319-8B14-F386085F0D8C}.Release|Any CPU.ActiveCfg = Release|Any CPU
		{84C0C8AB-0797-4319-8B14-F386085F0D8C}.Release|Any CPU.Build.0 = Release|Any CPU
		{E88B82C0-AB1B-40B9-B85C-CED7708ED624}.Debug|Any CPU.ActiveCfg = Debug|Any CPU
		{E88B82C0-AB1B-40B9-B85C-CED7708ED624}.Debug|Any CPU.Build.0 = Debug|Any CPU
		{E88B82C0-AB1B-40B9-B85C-CED7708ED624}.Release|Any CPU.ActiveCfg = Release|Any CPU
		{E88B82C0-AB1B-40B9-B85C-CED7708ED624}.Release|Any CPU.Build.0 = Release|Any CPU
		{A467FD60-A745-4845-A28E-0B0C86E6A345}.Debug|Any CPU.ActiveCfg = Debug|Any CPU
		{A467FD60-A745-4845-A28E-0B0C86E6A345}.Debug|Any CPU.Build.0 = Debug|Any CPU
		{A467FD60-A745-4845-A28E-0B0C86E6A345}.Release|Any CPU.ActiveCfg = Release|Any CPU
		{A467FD60-A745-4845-A28E-0B0C86E6A345}.Release|Any CPU.Build.0 = Release|Any CPU
	EndGlobalSection
	GlobalSection(SolutionProperties) = preSolution
		HideSolutionNode = FALSE
	EndGlobalSection
EndGlobal
